<Solution>
  <Folder Name="/apps/" />
  <Folder Name="/apps/api/">
    <Project Path="apps/api/Hrm.Api/Hrm.Api.csproj" />
  </Folder>
  <Folder Name="/apps/api/Modules/" />
  <Folder Name="/apps/api/Modules/Attendance/">
    <Project Path="apps/api/Modules/Attendance/Hrm.Modules.Attendance.csproj" />
  </Folder>
  <Folder Name="/apps/api/Modules/Audit/">
    <Project Path="apps/api/Modules/Audit/Hrm.Modules.Audit.csproj" />
  </Folder>
  <Folder Name="/apps/api/Modules/Auth/">
    <Project Path="apps/api/Modules/Auth/Hrm.Modules.Auth.csproj" />
  </Folder>
  <Folder Name="/apps/api/Modules/Employees/">
    <Project Path="apps/api/Modules/Employees/Hrm.Modules.Employees.csproj" />
  </Folder>
  <Folder Name="/apps/api/Modules/Files/">
    <Project Path="apps/api/Modules/Files/Hrm.Modules.Files.csproj" />
  </Folder>
  <Folder Name="/apps/api/Modules/Inventory/">
    <Project Path="apps/api/Modules/Inventory/Hrm.Modules.Inventory.csproj" />
  </Folder>
  <Folder Name="/apps/api/Modules/Leave/">
    <Project Path="apps/api/Modules/Leave/Hrm.Modules.Leave.csproj" />
  </Folder>
  <Folder Name="/apps/api/Modules/Payroll/">
    <Project Path="apps/api/Modules/Payroll/Hrm.Modules.Payroll.csproj" />
  </Folder>
  <Folder Name="/apps/api/Modules/Procurement/">
    <Project Path="apps/api/Modules/Procurement/Hrm.Modules.Procurement.csproj" />
  </Folder>
  <Folder Name="/apps/api/Modules/Products/">
    <Project Path="apps/api/Modules/Products/Hrm.Modules.Products.csproj" />
  </Folder>
  <Folder Name="/apps/api/Modules/Reports/">
    <Project Path="apps/api/Modules/Reports/Hrm.Modules.Reports.csproj" />
  </Folder>
  <Folder Name="/apps/api/Modules/Sales/">
    <Project Path="apps/api/Modules/Sales/Hrm.Modules.Sales.csproj" />
  </Folder>
  <Folder Name="/apps/api/Modules/Suppliers/">
    <Project Path="apps/api/Modules/Suppliers/Hrm.Modules.Suppliers.csproj" />
  </Folder>
  <Folder Name="/apps/api/Modules/Warehouses/">
    <Project Path="apps/api/Modules/Warehouses/Hrm.Modules.Warehouses.csproj" />
  </Folder>
  <Folder Name="/apps/web/">
    <Project Path="apps/web/Hrm.Web/Hrm.Web.csproj" />
  </Folder>
  <Folder Name="/shared/">
    <Project Path="shared/Hrm.Contracts/Hrm.Contracts.csproj" />
    <Project Path="shared/Hrm.SharedKernel/Hrm.SharedKernel.csproj" />
    <Project Path="shared/Hrm.UI/Hrm.UI.csproj" />
  </Folder>
  <Folder Name="/tests/">
    <Project Path="tests/Hrm.ArchitectureTests/Hrm.ArchitectureTests.csproj" />
    <Project Path="tests/Hrm.ComponentTests/Hrm.ComponentTests.csproj" />
    <Project Path="tests/Hrm.E2ETests/Hrm.E2ETests.csproj" />
    <Project Path="tests/Hrm.IntegrationTests/Hrm.IntegrationTests.csproj" />
    <Project Path="tests/Hrm.UnitTests/Hrm.UnitTests.csproj" />
  </Folder>
</Solution>
